
Microsoft Visual Studio Solution File, Format Version 12.00
# Visual Studio Version 17
VisualStudioVersion = 17.2.32616.157
MinimumVisualStudioVersion = 10.0.40219.1
Project("{FAE04EC0-301F-11D3-BF4B-00C04F79EFBC}") = "AulaCadastro", "AulaCadastro.csproj", "{A8BCE93F-E952-479D-9853-CDA36ECB456F}"
EndProject
Global
	GlobalSection(SolutionConfigurationPlatforms) = preSolution
		Debug|Any CPU = Debug|Any CPU
		Release|Any CPU = Release|Any CPU
	EndGlobalSection
	GlobalSection(ProjectConfigurationPlatforms) = postSolution
		{A8BCE93F-E952-479D-9853-CDA36ECB456F}.Debug|Any CPU.ActiveCfg = Debug|Any CPU
		{A8BCE93F-E952-479D-9853-CDA36ECB456F}.Debug|Any CPU.Build.0 = Debug|Any CPU
		{A8BCE93F-E952-479D-9853-CDA36ECB456F}.Release|Any CPU.ActiveCfg = Release|Any CPU
		{A8BCE93F-E952-479D-9853-CDA36ECB456F}.Release|Any CPU.Build.0 = Release|Any CPU
	EndGlobalSection
	GlobalSection(SolutionProperties) = preSolution
		HideSolutionNode = FALSE
	EndGlobalSection
	GlobalSection(ExtensibilityGlobals) = postSolution
		SolutionGuid = {132A8F79-BF16-45AB-A013-E9F9B70E2B8F}
	EndGlobalSection
EndGlobal
